
Microsoft Visual Studio Solution File, Format Version 12.00
# Visual Studio Version 16
VisualStudioVersion = 16.0.30309.148
MinimumVisualStudioVersion = 10.0.40219.1
Project("{FAE04EC0-301F-11D3-BF4B-00C04F79EFBC}") = "Lesson 5_4 Lab", "Lesson 5_4 Lab.csproj", "{A2E4260A-26A6-46B3-923D-1E85CA653CE1}"
EndProject
Global
	GlobalSection(SolutionConfigurationPlatforms) = preSolution
		Debug|Any CPU = Debug|Any CPU
		Release|Any CPU = Release|Any CPU
	EndGlobalSection
	GlobalSection(ProjectConfigurationPlatforms) = postSolution
		{A2E4260A-26A6-46B3-923D-1E85CA653CE1}.Debug|Any CPU.ActiveCfg = Debug|Any CPU
		{A2E4260A-26A6-46B3-923D-1E85CA653CE1}.Debug|Any CPU.Build.0 = Debug|Any CPU
		{A2E4260A-26A6-46B3-923D-1E85CA653CE1}.Release|Any CPU.ActiveCfg = Release|Any CPU
		{A2E4260A-26A6-46B3-923D-1E85CA653CE1}.Release|Any CPU.Build.0 = Release|Any CPU
	EndGlobalSection
	GlobalSection(SolutionProperties) = preSolution
		HideSolutionNode = FALSE
	EndGlobalSection
	GlobalSection(ExtensibilityGlobals) = postSolution
		SolutionGuid = {06BE066E-1082-41F3-BD0E-4BD898CC8FE6}
	EndGlobalSection
EndGlobal
